<?xml version="1.0" encoding="UTF-8"?>
<Scheme
   LastUpgradeVersion = "1430"
   version = "1.7">
   <BuildAction
      parallelizeBuildables = "YES"
      buildImplicitDependencies = "YES">
      <PreActions>
         <ExecutionAction
            ActionType = "Xcode.IDEStandardExecutionActionsCore.ExecutionActionType.ShellScriptAction">
            <ActionContent
               title = "copy secrets"
               scriptText = "# Type a script or drag a script file from your workspace to insert its path.&#10;echo &quot;WORKSPACE_PATH: ${WORKSPACE_PATH%.swiftpm/xcode/package.xcworkspace}&quot;&#10;echo &quot;BUILT_PRODUCTS_DIR: ${BUILT_PRODUCTS_DIR%/Build*}&quot;&#10;echo &quot;PLATFORM_NAME: ${PLATFORM_NAME}&quot;&#10;echo &quot;EXECUTABLE_NAME: ${EXECUTABLE_NAME}&quot;&#10;echo &quot;PROJECT: ${PROJECT}&quot;&#10;#bash ${WORKSPACE_PATH%OSCACoreWorkspace.xcworkspace}/modules/OSCATestCaseExtension/OSCATestCaseExtension/scripts/OSCATestCasePreBuild.sh \&#10;modules/${PROJECT}/${PROJECT}/${EXECUTABLE_NAME}/Resources \&#10;.oscasecrets/OSCASG/version_3.0.2&#10;echo &quot;sript executed!&quot;&#10;">
               <EnvironmentBuildable>
                  <BuildableReference
                     BuildableIdentifier = "primary"
                     BlueprintIdentifier = "087307FA27C3E69200915F24"
                     BuildableName = "OSCAWeatherUITests.xctest"
                     BlueprintName = "OSCAWeatherUITests"
                     ReferencedContainer = "container:OSCAWeatherUI.xcodeproj">
                  </BuildableReference>
               </EnvironmentBuildable>
            </ActionContent>
         </ExecutionAction>
      </PreActions>
      <BuildActionEntries>
         <BuildActionEntry
            buildForTesting = "YES"
            buildForRunning = "YES"
            buildForProfiling = "YES"
            buildForArchiving = "YES"
            buildForAnalyzing = "YES">
            <BuildableReference
               BuildableIdentifier = "primary"
               BlueprintIdentifier = "0873077D27C3DE7C00915F24"
               BuildableName = "OSCAWeatherUI.framework"
               BlueprintName = "OSCAWeatherUI"
               ReferencedContainer = "container:OSCAWeatherUI.xcodeproj">
            </BuildableReference>
         </BuildActionEntry>
      </BuildActionEntries>
   </BuildAction>
   <TestAction
      buildConfiguration = "Debug"
      selectedDebuggerIdentifier = "Xcode.DebuggerFoundation.Debugger.LLDB"
      selectedLauncherIdentifier = "Xcode.DebuggerFoundation.Launcher.LLDB"
      shouldUseLaunchSchemeArgsEnv = "YES">
      <Testables>
         <TestableReference
            skipped = "NO">
            <BuildableReference
               BuildableIdentifier = "primary"
               BlueprintIdentifier = "087307FA27C3E69200915F24"
               BuildableName = "OSCAWeatherUITests.xctest"
               BlueprintName = "OSCAWeatherUITests"
               ReferencedContainer = "container:OSCAWeatherUI.xcodeproj">
            </BuildableReference>
         </TestableReference>
      </Testables>
   </TestAction>
   <LaunchAction
      buildConfiguration = "Debug"
      selectedDebuggerIdentifier = "Xcode.DebuggerFoundation.Debugger.LLDB"
      selectedLauncherIdentifier = "Xcode.DebuggerFoundation.Launcher.LLDB"
      launchStyle = "0"
      useCustomWorkingDirectory = "NO"
      ignoresPersistentStateOnLaunch = "NO"
      debugDocumentVersioning = "YES"
      debugServiceExtension = "internal"
      allowLocationSimulation = "YES">
   </LaunchAction>
   <ProfileAction
      buildConfiguration = "Release"
      shouldUseLaunchSchemeArgsEnv = "YES"
      savedToolIdentifier = ""
      useCustomWorkingDirectory = "NO"
      debugDocumentVersioning = "YES">
      <MacroExpansion>
         <BuildableReference
            BuildableIdentifier = "primary"
            BlueprintIdentifier = "0873077D27C3DE7C00915F24"
            BuildableName = "OSCAWeatherUI.framework"
            BlueprintName = "OSCAWeatherUI"
            ReferencedContainer = "container:OSCAWeatherUI.xcodeproj">
         </BuildableReference>
      </MacroExpansion>
   </ProfileAction>
   <AnalyzeAction
      buildConfiguration = "Debug">
   </AnalyzeAction>
   <ArchiveAction
      buildConfiguration = "Release"
      revealArchiveInOrganizer = "YES">
   </ArchiveAction>
</Scheme>
