{
  "pins" : [
    {
      "identity" : "devicekit",
      "kind" : "remoteSourceControl",
      "location" : "https://github.com/devicekit/DeviceKit.git",
      "state" : {
        "revision" : "691fe8112cca20ebf0020a1709d4e0205400311c",
        "version" : "5.0.0"
      }
    },
    {
      "identity" : "oscaessentials-ios",
      "kind" : "remoteSourceControl",
      "location" : "https://git-dev.solingen.de/smartcityapp/modules/oscaessentials-ios.git",
      "state" : {
        "revision" : "5d1b70ad973bb4349161b07e6a70437c4a62ba5b",
        "version" : "1.0.3"
      }
    },
    {
      "identity" : "oscanetworkservice-ios",
      "kind" : "remoteSourceControl",
      "location" : "https://git-dev.solingen.de/smartcityapp/modules/oscanetworkservice-ios.git",
      "state" : {
        "revision" : "cef4de73d626ff2cff3c563351d2f9c830f1316c",
        "version" : "1.0.4"
      }
    },
    {
      "identity" : "oscatestcaseextension-ios",
      "kind" : "remoteSourceControl",
      "location" : "https://git-dev.solingen.de/smartcityapp/modules/oscatestcaseextension-ios.git",
      "state" : {
        "revision" : "e67304bba8bc14a761ffe3873321838ce03a93af",
        "version" : "1.0.3"
      }
    },
    {
      "identity" : "oscaweather-ios",
      "kind" : "remoteSourceControl",
      "location" : "https://git-dev.solingen.de/smartcityapp/modules/oscaweather-ios.git",
      "state" : {
        "revision" : "7780e22d982a99ddbdc31088c62e3cae098e8f30",
        "version" : "1.0.3"
      }
    },
    {
      "identity" : "swiftdate",
      "kind" : "remoteSourceControl",
      "location" : "https://github.com/malcommac/SwiftDate.git",
      "state" : {
        "revision" : "5d943224c3bb173e6ecf27295611615eba90c80e",
        "version" : "7.0.0"
      }
    }
  ],
  "version" : 2
}
